# This file is automatically @generated by Poetry 1.6.1 and should not be changed by hand.

[[package]]
name = "colorama"
version = "0.4.6"
description = "Cross-platform colored terminal text."
optional = false
python-versions = "!=3.0.*,!=3.1.*,!=3.2.*,!=3.3.*,!=3.4.*,!=3.5.*,!=3.6.*,>=2.7"
files = [
    {file = "colorama-0.4.6-py2.py3-none-any.whl", hash = "sha256:4f1d9991f5acc0ca119f9d443620b77f9d6b33703e51011c16baf57afb285fc6"},
    {file = "colorama-0.4.6.tar.gz", hash = "sha256:08695f5cb7ed6e0531a20572697297273c47b8cae5a63ffc6d6ed5c201be6e44"},
]

[[package]]
name = "ijson"
version = "3.2.3"
description = "Iterative JSON parser with standard Python iterator interfaces"
optional = false
python-versions = "*"
files = [
    {file = "ijson-3.2.3-cp310-cp310-macosx_10_9_universal2.whl", hash = "sha256:0a4ae076bf97b0430e4e16c9cb635a6b773904aec45ed8dcbc9b17211b8569ba"},
    {file = "ijson-3.2.3-cp310-cp310-macosx_10_9_x86_64.whl", hash = "sha256:cfced0a6ec85916eb8c8e22415b7267ae118eaff2a860c42d2cc1261711d0d31"},
    {file = "ijson-3.2.3-cp310-cp310-macosx_11_0_arm64.whl", hash = "sha256:0b9d1141cfd1e6d6643aa0b4876730d0d28371815ce846d2e4e84a2d4f471cf3"},
    {file = "ijson-3.2.3-cp310-cp310-manylinux_2_17_aarch64.manylinux2014_aarch64.whl", hash = "sha256:9e0a27db6454edd6013d40a956d008361aac5bff375a9c04ab11fc8c214250b5"},
    {file = "ijson-3.2.3-cp310-cp310-manylinux_2_17_i686.manylinux2014_i686.whl", hash = "sha256:3c0d526ccb335c3c13063c273637d8611f32970603dfb182177b232d01f14c23"},
    {file = "ijson-3.2.3-cp310-cp310-manylinux_2_17_x86_64.manylinux2014_x86_64.whl", hash = "sha256:545a30b3659df2a3481593d30d60491d1594bc8005f99600e1bba647bb44cbb5"},
    {file = "ijson-3.2.3-cp310-cp310-musllinux_1_1_aarch64.whl", hash = "sha256:9680e37a10fedb3eab24a4a7e749d8a73f26f1a4c901430e7aa81b5da15f7307"},
    {file = "ijson-3.2.3-cp310-cp310-musllinux_1_1_i686.whl", hash = "sha256:2a80c0bb1053055d1599e44dc1396f713e8b3407000e6390add72d49633ff3bb"},
    {file = "ijson-3.2.3-cp310-cp310-musllinux_1_1_x86_64.whl", hash = "sha256:f05ed49f434ce396ddcf99e9fd98245328e99f991283850c309f5e3182211a79"},
    {file = "ijson-3.2.3-cp310-cp310-win32.whl", hash = "sha256:b4eb2304573c9fdf448d3fa4a4fdcb727b93002b5c5c56c14a5ffbbc39f64ae4"},
    {file = "ijson-3.2.3-cp310-cp310-win_amd64.whl", hash = "sha256:923131f5153c70936e8bd2dd9dcfcff43c67a3d1c789e9c96724747423c173eb"},
    {file = "ijson-3.2.3-cp311-cp311-macosx_10_9_universal2.whl", hash = "sha256:904f77dd3d87736ff668884fe5197a184748eb0c3e302ded61706501d0327465"},
    {file = "ijson-3.2.3-cp311-cp311-macosx_10_9_x86_64.whl", hash = "sha256:0974444c1f416e19de1e9f567a4560890095e71e81623c509feff642114c1e53"},
    {file = "ijson-3.2.3-cp311-cp311-macosx_11_0_arm64.whl", hash = "sha256:c1a4b8eb69b6d7b4e94170aa991efad75ba156b05f0de2a6cd84f991def12ff9"},
    {file = "ijson-3.2.3-cp311-cp311-manylinux_2_17_aarch64.manylinux2014_aarch64.whl", hash = "sha256:d052417fd7ce2221114f8d3b58f05a83c1a2b6b99cafe0b86ac9ed5e2fc889df"},
    {file = "ijson-3.2.3-cp311-cp311-manylinux_2_17_i686.manylinux2014_i686.whl", hash = "sha256:7b8064a85ec1b0beda7dd028e887f7112670d574db606f68006c72dd0bb0e0e2"},
    {file = "ijson-3.2.3-cp311-cp311-manylinux_2_17_x86_64.manylinux2014_x86_64.whl", hash = "sha256:eaac293853f1342a8d2a45ac1f723c860f700860e7743fb97f7b76356df883a8"},
    {file = "ijson-3.2.3-cp311-cp311-musllinux_1_1_aarch64.whl", hash = "sha256:6c32c18a934c1dc8917455b0ce478fd7a26c50c364bd52c5a4fb0fc6bb516af7"},
    {file = "ijson-3.2.3-cp311-cp311-musllinux_1_1_i686.whl", hash = "sha256:713a919e0220ac44dab12b5fed74f9130f3480e55e90f9d80f58de129ea24f83"},
    {file = "ijson-3.2.3-cp311-cp311-musllinux_1_1_x86_64.whl", hash = "sha256:4a3a6a2fbbe7550ffe52d151cf76065e6b89cfb3e9d0463e49a7e322a25d0426"},
    {file = "ijson-3.2.3-cp311-cp311-win32.whl", hash = "sha256:6a4db2f7fb9acfb855c9ae1aae602e4648dd1f88804a0d5cfb78c3639bcf156c"},
    {file = "ijson-3.2.3-cp311-cp311-win_amd64.whl", hash = "sha256:ccd6be56335cbb845f3d3021b1766299c056c70c4c9165fb2fbe2d62258bae3f"},
    {file = "ijson-3.2.3-cp312-cp312-macosx_10_9_universal2.whl", hash = "sha256:055b71bbc37af5c3c5861afe789e15211d2d3d06ac51ee5a647adf4def19c0ea"},
    {file = "ijson-3.2.3-cp312-cp312-macosx_10_9_x86_64.whl", hash = "sha256:c075a547de32f265a5dd139ab2035900fef6653951628862e5cdce0d101af557"},
    {file = "ijson-3.2.3-cp312-cp312-macosx_11_0_arm64.whl", hash = "sha256:457f8a5fc559478ac6b06b6d37ebacb4811f8c5156e997f0d87d708b0d8ab2ae"},
    {file = "ijson-3.2.3-cp312-cp312-manylinux_2_17_aarch64.manylinux2014_aarch64.whl", hash = "sha256:9788f0c915351f41f0e69ec2618b81ebfcf9f13d9d67c6d404c7f5afda3e4afb"},
    {file = "ijson-3.2.3-cp312-cp312-manylinux_2_17_i686.manylinux2014_i686.whl", hash = "sha256:fa234ab7a6a33ed51494d9d2197fb96296f9217ecae57f5551a55589091e7853"},
    {file = "ijson-3.2.3-cp312-cp312-manylinux_2_17_x86_64.manylinux2014_x86_64.whl", hash = "sha256:bdd0dc5da4f9dc6d12ab6e8e0c57d8b41d3c8f9ceed31a99dae7b2baf9ea769a"},
    {file = "ijson-3.2.3-cp312-cp312-musllinux_1_1_aarch64.whl", hash = "sha256:c6beb80df19713e39e68dc5c337b5c76d36ccf69c30b79034634e5e4c14d6904"},
    {file = "ijson-3.2.3-cp312-cp312-musllinux_1_1_i686.whl", hash = "sha256:a2973ce57afb142d96f35a14e9cfec08308ef178a2c76b8b5e1e98f3960438bf"},
    {file = "ijson-3.2.3-cp312-cp312-musllinux_1_1_x86_64.whl", hash = "sha256:105c314fd624e81ed20f925271ec506523b8dd236589ab6c0208b8707d652a0e"},
    {file = "ijson-3.2.3-cp312-cp312-win32.whl", hash = "sha256:ac44781de5e901ce8339352bb5594fcb3b94ced315a34dbe840b4cff3450e23b"},
    {file = "ijson-3.2.3-cp312-cp312-win_amd64.whl", hash = "sha256:0567e8c833825b119e74e10a7c29761dc65fcd155f5d4cb10f9d3b8916ef9912"},
    {file = "ijson-3.2.3-cp36-cp36m-macosx_10_9_x86_64.whl", hash = "sha256:eeb286639649fb6bed37997a5e30eefcacddac79476d24128348ec890b2a0ccb"},
    {file = "ijson-3.2.3-cp36-cp36m-manylinux_2_17_aarch64.manylinux2014_aarch64.whl", hash = "sha256:396338a655fb9af4ac59dd09c189885b51fa0eefc84d35408662031023c110d1"},
    {file = "ijson-3.2.3-cp36-cp36m-manylinux_2_17_i686.manylinux2014_i686.whl", hash = "sha256:0e0243d166d11a2a47c17c7e885debf3b19ed136be2af1f5d1c34212850236ac"},
    {file = "ijson-3.2.3-cp36-cp36m-manylinux_2_17_x86_64.manylinux2014_x86_64.whl", hash = "sha256:85afdb3f3a5d0011584d4fa8e6dccc5936be51c27e84cd2882fe904ca3bd04c5"},
    {file = "ijson-3.2.3-cp36-cp36m-musllinux_1_1_aarch64.whl", hash = "sha256:4fc35d569eff3afa76bfecf533f818ecb9390105be257f3f83c03204661ace70"},
    {file = "ijson-3.2.3-cp36-cp36m-musllinux_1_1_i686.whl", hash = "sha256:455d7d3b7a6aacfb8ab1ebcaf697eedf5be66e044eac32508fccdc633d995f0e"},
    {file = "ijson-3.2.3-cp36-cp36m-musllinux_1_1_x86_64.whl", hash = "sha256:c63f3d57dbbac56cead05b12b81e8e1e259f14ce7f233a8cbe7fa0996733b628"},
    {file = "ijson-3.2.3-cp36-cp36m-win32.whl", hash = "sha256:a4d7fe3629de3ecb088bff6dfe25f77be3e8261ed53d5e244717e266f8544305"},
    {file = "ijson-3.2.3-cp36-cp36m-win_amd64.whl", hash = "sha256:96190d59f015b5a2af388a98446e411f58ecc6a93934e036daa75f75d02386a0"},
    {file = "ijson-3.2.3-cp37-cp37m-macosx_10_9_x86_64.whl", hash = "sha256:35194e0b8a2bda12b4096e2e792efa5d4801a0abb950c48ade351d479cd22ba5"},
    {file = "ijson-3.2.3-cp37-cp37m-manylinux_2_17_aarch64.manylinux2014_aarch64.whl", hash = "sha256:d1053fb5f0b010ee76ca515e6af36b50d26c1728ad46be12f1f147a835341083"},
    {file = "ijson-3.2.3-cp37-cp37m-manylinux_2_17_i686.manylinux2014_i686.whl", hash = "sha256:211124cff9d9d139dd0dfced356f1472860352c055d2481459038b8205d7d742"},
    {file = "ijson-3.2.3-cp37-cp37m-manylinux_2_17_x86_64.manylinux2014_x86_64.whl", hash = "sha256:92dc4d48e9f6a271292d6079e9fcdce33c83d1acf11e6e12696fb05c5889fe74"},
    {file = "ijson-3.2.3-cp37-cp37m-musllinux_1_1_aarch64.whl", hash = "sha256:3dcc33ee56f92a77f48776014ddb47af67c33dda361e84371153c4f1ed4434e1"},
    {file = "ijson-3.2.3-cp37-cp37m-musllinux_1_1_i686.whl", hash = "sha256:98c6799925a5d1988da4cd68879b8eeab52c6e029acc45e03abb7921a4715c4b"},
    {file = "ijson-3.2.3-cp37-cp37m-musllinux_1_1_x86_64.whl", hash = "sha256:4252e48c95cd8ceefc2caade310559ab61c37d82dfa045928ed05328eb5b5f65"},
    {file = "ijson-3.2.3-cp37-cp37m-win32.whl", hash = "sha256:644f4f03349ff2731fd515afd1c91b9e439e90c9f8c28292251834154edbffca"},
    {file = "ijson-3.2.3-cp37-cp37m-win_amd64.whl", hash = "sha256:ba33c764afa9ecef62801ba7ac0319268a7526f50f7601370d9f8f04e77fc02b"},
    {file = "ijson-3.2.3-cp38-cp38-macosx_10_9_universal2.whl", hash = "sha256:4b2ec8c2a3f1742cbd5f36b65e192028e541b5fd8c7fd97c1fc0ca6c427c704a"},
    {file = "ijson-3.2.3-cp38-cp38-macosx_10_9_x86_64.whl", hash = "sha256:7dc357da4b4ebd8903e77dbcc3ce0555ee29ebe0747c3c7f56adda423df8ec89"},
    {file = "ijson-3.2.3-cp38-cp38-macosx_11_0_arm64.whl", hash = "sha256:bcc51c84bb220ac330122468fe526a7777faa6464e3b04c15b476761beea424f"},
    {file = "ijson-3.2.3-cp38-cp38-manylinux_2_17_aarch64.manylinux2014_aarch64.whl", hash = "sha256:f8d54b624629f9903005c58d9321a036c72f5c212701bbb93d1a520ecd15e370"},
    {file = "ijson-3.2.3-cp38-cp38-manylinux_2_17_i686.manylinux2014_i686.whl", hash = "sha256:d6ea7c7e3ec44742e867c72fd750c6a1e35b112f88a917615332c4476e718d40"},
    {file = "ijson-3.2.3-cp38-cp38-manylinux_2_17_x86_64.manylinux2014_x86_64.whl", hash = "sha256:916acdc5e504f8b66c3e287ada5d4b39a3275fc1f2013c4b05d1ab9933671a6c"},
    {file = "ijson-3.2.3-cp38-cp38-musllinux_1_1_aarch64.whl", hash = "sha256:81815b4184b85ce124bfc4c446d5f5e5e643fc119771c5916f035220ada29974"},
    {file = "ijson-3.2.3-cp38-cp38-musllinux_1_1_i686.whl", hash = "sha256:b49fd5fe1cd9c1c8caf6c59f82b08117dd6bea2ec45b641594e25948f48f4169"},
    {file = "ijson-3.2.3-cp38-cp38-musllinux_1_1_x86_64.whl", hash = "sha256:86b3c91fdcb8ffb30556c9669930f02b7642de58ca2987845b04f0d7fe46d9a8"},
    {file = "ijson-3.2.3-cp38-cp38-win32.whl", hash = "sha256:a729b0c8fb935481afe3cf7e0dadd0da3a69cc7f145dbab8502e2f1e01d85a7c"},
    {file = "ijson-3.2.3-cp38-cp38-win_amd64.whl", hash = "sha256:d34e049992d8a46922f96483e96b32ac4c9cffd01a5c33a928e70a283710cd58"},
    {file = "ijson-3.2.3-cp39-cp39-macosx_10_9_universal2.whl", hash = "sha256:9c2a12dcdb6fa28f333bf10b3a0f80ec70bc45280d8435be7e19696fab2bc706"},
    {file = "ijson-3.2.3-cp39-cp39-macosx_10_9_x86_64.whl", hash = "sha256:1844c5b57da21466f255a0aeddf89049e730d7f3dfc4d750f0e65c36e6a61a7c"},
    {file = "ijson-3.2.3-cp39-cp39-macosx_11_0_arm64.whl", hash = "sha256:2ec3e5ff2515f1c40ef6a94983158e172f004cd643b9e4b5302017139b6c96e4"},
    {file = "ijson-3.2.3-cp39-cp39-manylinux_2_17_aarch64.manylinux2014_aarch64.whl", hash = "sha256:46bafb1b9959872a1f946f8dd9c6f1a30a970fc05b7bfae8579da3f1f988e598"},
    {file = "ijson-3.2.3-cp39-cp39-manylinux_2_17_i686.manylinux2014_i686.whl", hash = "sha256:ab4db9fee0138b60e31b3c02fff8a4c28d7b152040553b6a91b60354aebd4b02"},
    {file = "ijson-3.2.3-cp39-cp39-manylinux_2_17_x86_64.manylinux2014_x86_64.whl", hash = "sha256:f4bc87e69d1997c6a55fff5ee2af878720801ff6ab1fb3b7f94adda050651e37"},
    {file = "ijson-3.2.3-cp39-cp39-musllinux_1_1_aarch64.whl", hash = "sha256:e9fd906f0c38e9f0bfd5365e1bed98d649f506721f76bb1a9baa5d7374f26f19"},
    {file = "ijson-3.2.3-cp39-cp39-musllinux_1_1_i686.whl", hash = "sha256:e84d27d1acb60d9102728d06b9650e5b7e5cb0631bd6e3dfadba8fb6a80d6c2f"},
    {file = "ijson-3.2.3-cp39-cp39-musllinux_1_1_x86_64.whl", hash = "sha256:2cc04fc0a22bb945cd179f614845c8b5106c0b3939ee0d84ce67c7a61ac1a936"},
    {file = "ijson-3.2.3-cp39-cp39-win32.whl", hash = "sha256:e641814793a037175f7ec1b717ebb68f26d89d82cfd66f36e588f32d7e488d5f"},
    {file = "ijson-3.2.3-cp39-cp39-win_amd64.whl", hash = "sha256:6bd3e7e91d031f1e8cea7ce53f704ab74e61e505e8072467e092172422728b22"},
    {file = "ijson-3.2.3-pp37-pypy37_pp73-macosx_10_9_x86_64.whl", hash = "sha256:06f9707da06a19b01013f8c65bf67db523662a9b4a4ff027e946e66c261f17f0"},
    {file = "ijson-3.2.3-pp37-pypy37_pp73-manylinux_2_17_aarch64.manylinux2014_aarch64.whl", hash = "sha256:be8495f7c13fa1f622a2c6b64e79ac63965b89caf664cc4e701c335c652d15f2"},
    {file = "ijson-3.2.3-pp37-pypy37_pp73-manylinux_2_17_i686.manylinux2014_i686.whl", hash = "sha256:7596b42f38c3dcf9d434dddd50f46aeb28e96f891444c2b4b1266304a19a2c09"},
    {file = "ijson-3.2.3-pp37-pypy37_pp73-manylinux_2_17_x86_64.manylinux2014_x86_64.whl", hash = "sha256:fbac4e9609a1086bbad075beb2ceec486a3b138604e12d2059a33ce2cba93051"},
    {file = "ijson-3.2.3-pp37-pypy37_pp73-win_amd64.whl", hash = "sha256:db2d6341f9cb538253e7fe23311d59252f124f47165221d3c06a7ed667ecd595"},
    {file = "ijson-3.2.3-pp38-pypy38_pp73-macosx_10_9_x86_64.whl", hash = "sha256:fa8b98be298efbb2588f883f9953113d8a0023ab39abe77fe734b71b46b1220a"},
    {file = "ijson-3.2.3-pp38-pypy38_pp73-manylinux_2_17_aarch64.manylinux2014_aarch64.whl", hash = "sha256:674e585361c702fad050ab4c153fd168dc30f5980ef42b64400bc84d194e662d"},
    {file = "ijson-3.2.3-pp38-pypy38_pp73-manylinux_2_17_i686.manylinux2014_i686.whl", hash = "sha256:fd12e42b9cb9c0166559a3ffa276b4f9fc9d5b4c304e5a13668642d34b48b634"},
    {file = "ijson-3.2.3-pp38-pypy38_pp73-manylinux_2_17_x86_64.manylinux2014_x86_64.whl", hash = "sha256:d31e0d771d82def80cd4663a66de277c3b44ba82cd48f630526b52f74663c639"},
    {file = "ijson-3.2.3-pp38-pypy38_pp73-win_amd64.whl", hash = "sha256:7ce4c70c23521179d6da842bb9bc2e36bb9fad1e0187e35423ff0f282890c9ca"},
    {file = "ijson-3.2.3-pp39-pypy39_pp73-macosx_10_9_x86_64.whl", hash = "sha256:39f551a6fbeed4433c85269c7c8778e2aaea2501d7ebcb65b38f556030642c17"},
    {file = "ijson-3.2.3-pp39-pypy39_pp73-manylinux_2_17_aarch64.manylinux2014_aarch64.whl", hash = "sha256:3b14d322fec0de7af16f3ef920bf282f0dd747200b69e0b9628117f381b7775b"},
    {file = "ijson-3.2.3-pp39-pypy39_pp73-manylinux_2_17_i686.manylinux2014_i686.whl", hash = "sha256:7851a341429b12d4527ca507097c959659baf5106c7074d15c17c387719ffbcd"},
    {file = "ijson-3.2.3-pp39-pypy39_pp73-manylinux_2_17_x86_64.manylinux2014_x86_64.whl", hash = "sha256:db3bf1b42191b5cc9b6441552fdcb3b583594cb6b19e90d1578b7cbcf80d0fae"},
    {file = "ijson-3.2.3-pp39-pypy39_pp73-win_amd64.whl", hash = "sha256:6f662dc44362a53af3084d3765bb01cd7b4734d1f484a6095cad4cb0cbfe5374"},
    {file = "ijson-3.2.3.tar.gz", hash = "sha256:10294e9bf89cb713da05bc4790bdff616610432db561964827074898e174f917"},
]

[[package]]
name = "numpy"
version = "1.26.1"
description = "Fundamental package for array computing in Python"
optional = false
python-versions = "<3.13,>=3.9"
files = [
    {file = "numpy-1.26.1-cp310-cp310-macosx_10_9_x86_64.whl", hash = "sha256:82e871307a6331b5f09efda3c22e03c095d957f04bf6bc1804f30048d0e5e7af"},
    {file = "numpy-1.26.1-cp310-cp310-macosx_11_0_arm64.whl", hash = "sha256:cdd9ec98f0063d93baeb01aad472a1a0840dee302842a2746a7a8e92968f9575"},
    {file = "numpy-1.26.1-cp310-cp310-manylinux_2_17_aarch64.manylinux2014_aarch64.whl", hash = "sha256:d78f269e0c4fd365fc2992c00353e4530d274ba68f15e968d8bc3c69ce5f5244"},
    {file = "numpy-1.26.1-cp310-cp310-manylinux_2_17_x86_64.manylinux2014_x86_64.whl", hash = "sha256:8ab9163ca8aeb7fd32fe93866490654d2f7dda4e61bc6297bf72ce07fdc02f67"},
    {file = "numpy-1.26.1-cp310-cp310-musllinux_1_1_x86_64.whl", hash = "sha256:78ca54b2f9daffa5f323f34cdf21e1d9779a54073f0018a3094ab907938331a2"},
    {file = "numpy-1.26.1-cp310-cp310-win32.whl", hash = "sha256:d1cfc92db6af1fd37a7bb58e55c8383b4aa1ba23d012bdbba26b4bcca45ac297"},
    {file = "numpy-1.26.1-cp310-cp310-win_amd64.whl", hash = "sha256:d2984cb6caaf05294b8466966627e80bf6c7afd273279077679cb010acb0e5ab"},
    {file = "numpy-1.26.1-cp311-cp311-macosx_10_9_x86_64.whl", hash = "sha256:cd7837b2b734ca72959a1caf3309457a318c934abef7a43a14bb984e574bbb9a"},
    {file = "numpy-1.26.1-cp311-cp311-macosx_11_0_arm64.whl", hash = "sha256:1c59c046c31a43310ad0199d6299e59f57a289e22f0f36951ced1c9eac3665b9"},
    {file = "numpy-1.26.1-cp311-cp311-manylinux_2_17_aarch64.manylinux2014_aarch64.whl", hash = "sha256:d58e8c51a7cf43090d124d5073bc29ab2755822181fcad978b12e144e5e5a4b3"},
    {file = "numpy-1.26.1-cp311-cp311-manylinux_2_17_x86_64.manylinux2014_x86_64.whl", hash = "sha256:6081aed64714a18c72b168a9276095ef9155dd7888b9e74b5987808f0dd0a974"},
    {file = "numpy-1.26.1-cp311-cp311-musllinux_1_1_x86_64.whl", hash = "sha256:97e5d6a9f0702c2863aaabf19f0d1b6c2628fbe476438ce0b5ce06e83085064c"},
    {file = "numpy-1.26.1-cp311-cp311-win32.whl", hash = "sha256:b9d45d1dbb9de84894cc50efece5b09939752a2d75aab3a8b0cef6f3a35ecd6b"},
    {file = "numpy-1.26.1-cp311-cp311-win_amd64.whl", hash = "sha256:3649d566e2fc067597125428db15d60eb42a4e0897fc48d28cb75dc2e0454e53"},
    {file = "numpy-1.26.1-cp312-cp312-macosx_10_9_x86_64.whl", hash = "sha256:1d1bd82d539607951cac963388534da3b7ea0e18b149a53cf883d8f699178c0f"},
    {file = "numpy-1.26.1-cp312-cp312-macosx_11_0_arm64.whl", hash = "sha256:afd5ced4e5a96dac6725daeb5242a35494243f2239244fad10a90ce58b071d24"},
    {file = "numpy-1.26.1-cp312-cp312-manylinux_2_17_aarch64.manylinux2014_aarch64.whl", hash = "sha256:a03fb25610ef560a6201ff06df4f8105292ba56e7cdd196ea350d123fc32e24e"},
    {file = "numpy-1.26.1-cp312-cp312-manylinux_2_17_x86_64.manylinux2014_x86_64.whl", hash = "sha256:dcfaf015b79d1f9f9c9fd0731a907407dc3e45769262d657d754c3a028586124"},
    {file = "numpy-1.26.1-cp312-cp312-musllinux_1_1_x86_64.whl", hash = "sha256:e509cbc488c735b43b5ffea175235cec24bbc57b227ef1acc691725beb230d1c"},
    {file = "numpy-1.26.1-cp312-cp312-win32.whl", hash = "sha256:af22f3d8e228d84d1c0c44c1fbdeb80f97a15a0abe4f080960393a00db733b66"},
    {file = "numpy-1.26.1-cp312-cp312-win_amd64.whl", hash = "sha256:9f42284ebf91bdf32fafac29d29d4c07e5e9d1af862ea73686581773ef9e73a7"},
    {file = "numpy-1.26.1-cp39-cp39-macosx_10_9_x86_64.whl", hash = "sha256:bb894accfd16b867d8643fc2ba6c8617c78ba2828051e9a69511644ce86ce83e"},
    {file = "numpy-1.26.1-cp39-cp39-macosx_11_0_arm64.whl", hash = "sha256:e44ccb93f30c75dfc0c3aa3ce38f33486a75ec9abadabd4e59f114994a9c4617"},
    {file = "numpy-1.26.1-cp39-cp39-manylinux_2_17_aarch64.manylinux2014_aarch64.whl", hash = "sha256:9696aa2e35cc41e398a6d42d147cf326f8f9d81befcb399bc1ed7ffea339b64e"},
    {file = "numpy-1.26.1-cp39-cp39-manylinux_2_17_x86_64.manylinux2014_x86_64.whl", hash = "sha256:a5b411040beead47a228bde3b2241100454a6abde9df139ed087bd73fc0a4908"},
    {file = "numpy-1.26.1-cp39-cp39-musllinux_1_1_x86_64.whl", hash = "sha256:1e11668d6f756ca5ef534b5be8653d16c5352cbb210a5c2a79ff288e937010d5"},
    {file = "numpy-1.26.1-cp39-cp39-win32.whl", hash = "sha256:d1d2c6b7dd618c41e202c59c1413ef9b2c8e8a15f5039e344af64195459e3104"},
    {file = "numpy-1.26.1-cp39-cp39-win_amd64.whl", hash = "sha256:59227c981d43425ca5e5c01094d59eb14e8772ce6975d4b2fc1e106a833d5ae2"},
    {file = "numpy-1.26.1-pp39-pypy39_pp73-macosx_10_9_x86_64.whl", hash = "sha256:06934e1a22c54636a059215d6da99e23286424f316fddd979f5071093b648668"},
    {file = "numpy-1.26.1-pp39-pypy39_pp73-manylinux_2_17_x86_64.manylinux2014_x86_64.whl", hash = "sha256:76ff661a867d9272cd2a99eed002470f46dbe0943a5ffd140f49be84f68ffc42"},
    {file = "numpy-1.26.1-pp39-pypy39_pp73-win_amd64.whl", hash = "sha256:6965888d65d2848e8768824ca8288db0a81263c1efccec881cb35a0d805fcd2f"},
    {file = "numpy-1.26.1.tar.gz", hash = "sha256:c8c6c72d4a9f831f328efb1312642a1cafafaa88981d9ab76368d50d07d93cbe"},
]

[[package]]
name = "tqdm"
version = "4.66.1"
description = "Fast, Extensible Progress Meter"
optional = false
python-versions = ">=3.7"
files = [
    {file = "tqdm-4.66.1-py3-none-any.whl", hash = "sha256:d302b3c5b53d47bce91fea46679d9c3c6508cf6332229aa1e7d8653723793386"},
    {file = "tqdm-4.66.1.tar.gz", hash = "sha256:d88e651f9db8d8551a62556d3cff9e3034274ca5d66e93197cf2490e2dcb69c7"},
]

[package.dependencies]
colorama = {version = "*", markers = "platform_system == \"Windows\""}

[package.extras]
dev = ["pytest (>=6)", "pytest-cov", "pytest-timeout", "pytest-xdist"]
notebook = ["ipywidgets (>=6)"]
slack = ["slack-sdk"]
telegram = ["requests"]

[metadata]
lock-version = "2.0"
python-versions = ">=3.10,<3.13"
content-hash = "4b189fdc4dc565470093ed0117c5975fed780fb8dd4bead88aa80cbfbb849388"
